
Microsoft Visual Studio Solution File, Format Version 12.00
# Visual Studio Version 16
VisualStudioVersion = 16.0.30503.244
MinimumVisualStudioVersion = 10.0.40219.1
Project("{FAE04EC0-301F-11D3-BF4B-00C04F79EFBC}") = "Deliverable1", "Deliverable1\Deliverable1.csproj", "{06724ABB-4F9D-4C7B-B513-60A1D0179D4A}"
EndProject
Global
	GlobalSection(SolutionConfigurationPlatforms) = preSolution
		Debug|Any CPU = Debug|Any CPU
		Release|Any CPU = Release|Any CPU
	EndGlobalSection
	GlobalSection(ProjectConfigurationPlatforms) = postSolution
		{06724ABB-4F9D-4C7B-B513-60A1D0179D4A}.Debug|Any CPU.ActiveCfg = Debug|Any CPU
		{06724ABB-4F9D-4C7B-B513-60A1D0179D4A}.Debug|Any CPU.Build.0 = Debug|Any CPU
		{06724ABB-4F9D-4C7B-B513-60A1D0179D4A}.Release|Any CPU.ActiveCfg = Release|Any CPU
		{06724ABB-4F9D-4C7B-B513-60A1D0179D4A}.Release|Any CPU.Build.0 = Release|Any CPU
	EndGlobalSection
	GlobalSection(SolutionProperties) = preSolution
		HideSolutionNode = FALSE
	EndGlobalSection
	GlobalSection(ExtensibilityGlobals) = postSolution
		SolutionGuid = {6FFF0BFC-46F0-46E7-A8AC-4E5FBA242E91}
	EndGlobalSection
EndGlobal
